// !$*UTF8*$!
{
	archiveVersion = 1;
	classes = {
	};
	objectVersion = 50;
	objects = {

/* Begin PBXBuildFile section */
		112A220E22566A910008E54B /* UserLocationViewController.swift in Sources */ = {isa = PBXBuildFile; fileRef = 112A220D22566A910008E54B /* UserLocationViewController.swift */; };
		112A221022569C550008E54B /* CategoryController.swift in Sources */ = {isa = PBXBuildFile; fileRef = 112A220F22569C550008E54B /* CategoryController.swift */; };
		11A09897224E91FB006F8B9D /* CategoriesViewController.swift in Sources */ = {isa = PBXBuildFile; fileRef = 11A09896224E91FB006F8B9D /* CategoriesViewController.swift */; };
		11A09899224E9237006F8B9D /* CategoriesCollectionViewCell.swift in Sources */ = {isa = PBXBuildFile; fileRef = 11A09898224E9237006F8B9D /* CategoriesCollectionViewCell.swift */; };
		11A098BB2253CBF8006F8B9D /* Categories.swift in Sources */ = {isa = PBXBuildFile; fileRef = 11A098BA2253CBF8006F8B9D /* Categories.swift */; };
		11A098BD22541842006F8B9D /* IconImageHelper.swift in Sources */ = {isa = PBXBuildFile; fileRef = 11A098BC22541842006F8B9D /* IconImageHelper.swift */; };
		11A098BF22551911006F8B9D /* Jobs.swift in Sources */ = {isa = PBXBuildFile; fileRef = 11A098BE22551911006F8B9D /* Jobs.swift */; };
		11A098C122552031006F8B9D /* Subcategory.swift in Sources */ = {isa = PBXBuildFile; fileRef = 11A098C022552031006F8B9D /* Subcategory.swift */; };
		11D79C79225BD6840064EFB5 /* IndividualResource.swift in Sources */ = {isa = PBXBuildFile; fileRef = 11D79C78225BD6840064EFB5 /* IndividualResource.swift */; };
		11D79C7E225D04630064EFB5 /* DismissMenuAnimator.swift in Sources */ = {isa = PBXBuildFile; fileRef = 11D79C7A225D04440064EFB5 /* DismissMenuAnimator.swift */; };
		11D79C7F225D04630064EFB5 /* PresentMenuAnimator.swift in Sources */ = {isa = PBXBuildFile; fileRef = 11D79C7B225D04620064EFB5 /* PresentMenuAnimator.swift */; };
		11D79C80225D04630064EFB5 /* MenuHelper.swift in Sources */ = {isa = PBXBuildFile; fileRef = 11D79C7C225D04620064EFB5 /* MenuHelper.swift */; };
		11D79C81225D04630064EFB5 /* Interactor.swift in Sources */ = {isa = PBXBuildFile; fileRef = 11D79C7D225D04630064EFB5 /* Interactor.swift */; };
		842DE2032252C4D200BBE2FB /* Education.swift in Sources */ = {isa = PBXBuildFile; fileRef = 842DE2022252C4D100BBE2FB /* Education.swift */; };
		842DE2052252CE2900BBE2FB /* LegalAdministrative.swift in Sources */ = {isa = PBXBuildFile; fileRef = 842DE2042252CE2900BBE2FB /* LegalAdministrative.swift */; };
		842DE2072252CEBF00BBE2FB /* Food.swift in Sources */ = {isa = PBXBuildFile; fileRef = 842DE2062252CEBF00BBE2FB /* Food.swift */; };
		842DE2092252CF0100BBE2FB /* HealthCare.swift in Sources */ = {isa = PBXBuildFile; fileRef = 842DE2082252CF0100BBE2FB /* HealthCare.swift */; };
		842DE20B2252CFC000BBE2FB /* Hygiene.swift in Sources */ = {isa = PBXBuildFile; fileRef = 842DE20A2252CFC000BBE2FB /* Hygiene.swift */; };
		842DE20F2252CFEA00BBE2FB /* Shelters.swift in Sources */ = {isa = PBXBuildFile; fileRef = 842DE20E2252CFE900BBE2FB /* Shelters.swift */; };
		846264D1224D9803009A21A2 /* AppDelegate.swift in Sources */ = {isa = PBXBuildFile; fileRef = 846264D0224D9803009A21A2 /* AppDelegate.swift */; };
		846264D6224D9803009A21A2 /* Main.storyboard in Resources */ = {isa = PBXBuildFile; fileRef = 846264D4224D9803009A21A2 /* Main.storyboard */; };
		846264D8224D9805009A21A2 /* Assets.xcassets in Resources */ = {isa = PBXBuildFile; fileRef = 846264D7224D9805009A21A2 /* Assets.xcassets */; };
		846264DB224D9805009A21A2 /* LaunchScreen.storyboard in Resources */ = {isa = PBXBuildFile; fileRef = 846264D9224D9805009A21A2 /* LaunchScreen.storyboard */; };
		846264EA224D98A0009A21A2 /* FirebaseObject.swift in Sources */ = {isa = PBXBuildFile; fileRef = 846264E9224D98A0009A21A2 /* FirebaseObject.swift */; };
		846264EC224D98AF009A21A2 /* NetworkController.swift in Sources */ = {isa = PBXBuildFile; fileRef = 846264EB224D98AF009A21A2 /* NetworkController.swift */; };
		846264EE224D98C6009A21A2 /* ServiceResultTableViewCell.swift in Sources */ = {isa = PBXBuildFile; fileRef = 846264ED224D98C6009A21A2 /* ServiceResultTableViewCell.swift */; };
		846264F0224D98F5009A21A2 /* LanguageSelectionViewController.swift in Sources */ = {isa = PBXBuildFile; fileRef = 846264EF224D98F5009A21A2 /* LanguageSelectionViewController.swift */; };
		846264F2224D9910009A21A2 /* AppearanceHelper.swift in Sources */ = {isa = PBXBuildFile; fileRef = 846264F1224D9910009A21A2 /* AppearanceHelper.swift */; };
		847A7ECF22553CD000A62A5F /* ServiceResultsViewController.swift in Sources */ = {isa = PBXBuildFile; fileRef = 847A7ECE22553CD000A62A5F /* ServiceResultsViewController.swift */; };
		847A7ED122553CD700A62A5F /* ServiceDetailViewController.swift in Sources */ = {isa = PBXBuildFile; fileRef = 847A7ED022553CD600A62A5F /* ServiceDetailViewController.swift */; };
		847A7ED72255754E00A62A5F /* SubcategoriesViewController.swift in Sources */ = {isa = PBXBuildFile; fileRef = 847A7ED62255754E00A62A5F /* SubcategoriesViewController.swift */; };
		847A7ED922557B2900A62A5F /* OutreachServices.swift in Sources */ = {isa = PBXBuildFile; fileRef = 847A7ED822557B2800A62A5F /* OutreachServices.swift */; };
		847A7EDD225663BA00A62A5F /* SubcategoryTableViewCell.swift in Sources */ = {isa = PBXBuildFile; fileRef = 847A7EDC225663BA00A62A5F /* SubcategoryTableViewCell.swift */; };
		84B3A4AE2260076D00F06DC4 /* GoogleMapsController.swift in Sources */ = {isa = PBXBuildFile; fileRef = 84B3A4AD2260076D00F06DC4 /* GoogleMapsController.swift */; };
		84B3A4B02260078400F06DC4 /* GoogleDistance.swift in Sources */ = {isa = PBXBuildFile; fileRef = 84B3A4AF2260078300F06DC4 /* GoogleDistance.swift */; };
		84B3A4B222652E2A00F06DC4 /* CacheController.swift in Sources */ = {isa = PBXBuildFile; fileRef = 84B3A4B122652E2400F06DC4 /* CacheController.swift */; };
		84B3A4B42266747400F06DC4 /* DropShadow.swift in Sources */ = {isa = PBXBuildFile; fileRef = 84B3A4B32266747100F06DC4 /* DropShadow.swift */; };
		84B3A4B62266756700F06DC4 /* UIColors + Custom Colors.swift in Sources */ = {isa = PBXBuildFile; fileRef = 84B3A4B52266756700F06DC4 /* UIColors + Custom Colors.swift */; };
		84B3A4CA22667CB900F06DC4 /* SF-Pro-Display-Black.otf in Resources */ = {isa = PBXBuildFile; fileRef = 84B3A4C622667C6C00F06DC4 /* SF-Pro-Display-Black.otf */; };
		84B3A4CB22667CBC00F06DC4 /* SF-Pro-Display-BlackItalic.otf in Resources */ = {isa = PBXBuildFile; fileRef = 84B3A4BF22667C6B00F06DC4 /* SF-Pro-Display-BlackItalic.otf */; };
		84B3A4CC22667CBE00F06DC4 /* SF-Pro-Display-Bold.otf in Resources */ = {isa = PBXBuildFile; fileRef = 84B3A4C822667C6D00F06DC4 /* SF-Pro-Display-Bold.otf */; };
		84B3A4CD22667CC100F06DC4 /* SF-Pro-Display-BoldItalic.otf in Resources */ = {isa = PBXBuildFile; fileRef = 84B3A4C022667C6B00F06DC4 /* SF-Pro-Display-BoldItalic.otf */; };
		84B3A4CE22667CC400F06DC4 /* SF-Pro-Display-Heavy.otf in Resources */ = {isa = PBXBuildFile; fileRef = 84B3A4C122667C6C00F06DC4 /* SF-Pro-Display-Heavy.otf */; };
		84B3A4CF22667CC700F06DC4 /* SF-Pro-Display-HeavyItalic.otf in Resources */ = {isa = PBXBuildFile; fileRef = 84B3A4C722667C6C00F06DC4 /* SF-Pro-Display-HeavyItalic.otf */; };
		84B3A4D022667CCE00F06DC4 /* SF-Pro-Display-Light.otf in Resources */ = {isa = PBXBuildFile; fileRef = 84B3A4B922667C6A00F06DC4 /* SF-Pro-Display-Light.otf */; };
		84B3A4D122667CD100F06DC4 /* SF-Pro-Display-LightItalic.otf in Resources */ = {isa = PBXBuildFile; fileRef = 84B3A4BC22667C6B00F06DC4 /* SF-Pro-Display-LightItalic.otf */; };
		84B3A4D222667CD500F06DC4 /* SF-Pro-Display-Medium.otf in Resources */ = {isa = PBXBuildFile; fileRef = 84B3A4C322667C6C00F06DC4 /* SF-Pro-Display-Medium.otf */; };
		84B3A4D322667CD800F06DC4 /* SF-Pro-Display-MediumItalic.otf in Resources */ = {isa = PBXBuildFile; fileRef = 84B3A4BB22667C6B00F06DC4 /* SF-Pro-Display-MediumItalic.otf */; };
		84B3A4D422667CDB00F06DC4 /* SF-Pro-Display-Regular.otf in Resources */ = {isa = PBXBuildFile; fileRef = 84B3A4BA22667C6A00F06DC4 /* SF-Pro-Display-Regular.otf */; };
		84B3A4D522667CDD00F06DC4 /* SF-Pro-Display-RegularItalic.otf in Resources */ = {isa = PBXBuildFile; fileRef = 84B3A4BE22667C6B00F06DC4 /* SF-Pro-Display-RegularItalic.otf */; };
		84B3A4D622667CE000F06DC4 /* SF-Pro-Display-Semibold.otf in Resources */ = {isa = PBXBuildFile; fileRef = 84B3A4C422667C6C00F06DC4 /* SF-Pro-Display-Semibold.otf */; };
		84B3A4D722667CE300F06DC4 /* SF-Pro-Display-SemiboldItalic.otf in Resources */ = {isa = PBXBuildFile; fileRef = 84B3A4BD22667C6B00F06DC4 /* SF-Pro-Display-SemiboldItalic.otf */; };
		84B3A4D822667CE600F06DC4 /* SF-Pro-Display-Thin.otf in Resources */ = {isa = PBXBuildFile; fileRef = 84B3A4C222667C6C00F06DC4 /* SF-Pro-Display-Thin.otf */; };
		84B3A4D922667CE900F06DC4 /* SF-Pro-Display-ThinItalic.otf in Resources */ = {isa = PBXBuildFile; fileRef = 84B3A4C522667C6C00F06DC4 /* SF-Pro-Display-ThinItalic.otf */; };
		84B3A4DA22667CEB00F06DC4 /* SF-Pro-Display-Ultralight.otf in Resources */ = {isa = PBXBuildFile; fileRef = 84B3A4C922667C6D00F06DC4 /* SF-Pro-Display-Ultralight.otf */; };
		84B3A4DB22667CEE00F06DC4 /* SF-Pro-Display-UltralightItalic.otf in Resources */ = {isa = PBXBuildFile; fileRef = 84B3A4B822667C6A00F06DC4 /* SF-Pro-Display-UltralightItalic.otf */; };
		84B3A4DD2267882200F06DC4 /* Border.swift in Sources */ = {isa = PBXBuildFile; fileRef = 84B3A4DC2267881F00F06DC4 /* Border.swift */; };
		B4F63290CCDE36A593AFE058 /* Pods_EmPact_iOS.framework in Frameworks */ = {isa = PBXBuildFile; fileRef = 591969F987DD62DAB5709AAC /* Pods_EmPact_iOS.framework */; };
/* End PBXBuildFile section */

/* Begin PBXFileReference section */
		112A220D22566A910008E54B /* UserLocationViewController.swift */ = {isa = PBXFileReference; lastKnownFileType = sourcecode.swift; path = UserLocationViewController.swift; sourceTree = "<group>"; };
		112A220F22569C550008E54B /* CategoryController.swift */ = {isa = PBXFileReference; lastKnownFileType = sourcecode.swift; path = CategoryController.swift; sourceTree = "<group>"; };
		11A09896224E91FB006F8B9D /* CategoriesViewController.swift */ = {isa = PBXFileReference; lastKnownFileType = sourcecode.swift; path = CategoriesViewController.swift; sourceTree = "<group>"; };
		11A09898224E9237006F8B9D /* CategoriesCollectionViewCell.swift */ = {isa = PBXFileReference; lastKnownFileType = sourcecode.swift; path = CategoriesCollectionViewCell.swift; sourceTree = "<group>"; };
		11A098BA2253CBF8006F8B9D /* Categories.swift */ = {isa = PBXFileReference; lastKnownFileType = sourcecode.swift; path = Categories.swift; sourceTree = "<group>"; };
		11A098BC22541842006F8B9D /* IconImageHelper.swift */ = {isa = PBXFileReference; lastKnownFileType = sourcecode.swift; path = IconImageHelper.swift; sourceTree = "<group>"; };
		11A098BE22551911006F8B9D /* Jobs.swift */ = {isa = PBXFileReference; lastKnownFileType = sourcecode.swift; path = Jobs.swift; sourceTree = "<group>"; };
		11A098C022552031006F8B9D /* Subcategory.swift */ = {isa = PBXFileReference; lastKnownFileType = sourcecode.swift; path = Subcategory.swift; sourceTree = "<group>"; };
		11D79C78225BD6840064EFB5 /* IndividualResource.swift */ = {isa = PBXFileReference; lastKnownFileType = sourcecode.swift; path = IndividualResource.swift; sourceTree = "<group>"; };
		11D79C7A225D04440064EFB5 /* DismissMenuAnimator.swift */ = {isa = PBXFileReference; fileEncoding = 4; lastKnownFileType = sourcecode.swift; path = DismissMenuAnimator.swift; sourceTree = "<group>"; };
		11D79C7B225D04620064EFB5 /* PresentMenuAnimator.swift */ = {isa = PBXFileReference; fileEncoding = 4; lastKnownFileType = sourcecode.swift; path = PresentMenuAnimator.swift; sourceTree = "<group>"; };
		11D79C7C225D04620064EFB5 /* MenuHelper.swift */ = {isa = PBXFileReference; fileEncoding = 4; lastKnownFileType = sourcecode.swift; path = MenuHelper.swift; sourceTree = "<group>"; };
		11D79C7D225D04630064EFB5 /* Interactor.swift */ = {isa = PBXFileReference; fileEncoding = 4; lastKnownFileType = sourcecode.swift; path = Interactor.swift; sourceTree = "<group>"; };
		591969F987DD62DAB5709AAC /* Pods_EmPact_iOS.framework */ = {isa = PBXFileReference; explicitFileType = wrapper.framework; includeInIndex = 0; path = Pods_EmPact_iOS.framework; sourceTree = BUILT_PRODUCTS_DIR; };
		7EAC893F8D7D615995098A1B /* Pods-EmPact-iOS.release.xcconfig */ = {isa = PBXFileReference; includeInIndex = 1; lastKnownFileType = text.xcconfig; name = "Pods-EmPact-iOS.release.xcconfig"; path = "Target Support Files/Pods-EmPact-iOS/Pods-EmPact-iOS.release.xcconfig"; sourceTree = "<group>"; };
		842DE2022252C4D100BBE2FB /* Education.swift */ = {isa = PBXFileReference; lastKnownFileType = sourcecode.swift; path = Education.swift; sourceTree = "<group>"; };
		842DE2042252CE2900BBE2FB /* LegalAdministrative.swift */ = {isa = PBXFileReference; lastKnownFileType = sourcecode.swift; path = LegalAdministrative.swift; sourceTree = "<group>"; };
		842DE2062252CEBF00BBE2FB /* Food.swift */ = {isa = PBXFileReference; lastKnownFileType = sourcecode.swift; path = Food.swift; sourceTree = "<group>"; };
		842DE2082252CF0100BBE2FB /* HealthCare.swift */ = {isa = PBXFileReference; lastKnownFileType = sourcecode.swift; path = HealthCare.swift; sourceTree = "<group>"; };
		842DE20A2252CFC000BBE2FB /* Hygiene.swift */ = {isa = PBXFileReference; fileEncoding = 4; lastKnownFileType = sourcecode.swift; path = Hygiene.swift; sourceTree = "<group>"; };
		842DE20E2252CFE900BBE2FB /* Shelters.swift */ = {isa = PBXFileReference; fileEncoding = 4; lastKnownFileType = sourcecode.swift; path = Shelters.swift; sourceTree = "<group>"; };
		846264CD224D9803009A21A2 /* EmPact-iOS.app */ = {isa = PBXFileReference; explicitFileType = wrapper.application; includeInIndex = 0; path = "EmPact-iOS.app"; sourceTree = BUILT_PRODUCTS_DIR; };
		846264D0224D9803009A21A2 /* AppDelegate.swift */ = {isa = PBXFileReference; lastKnownFileType = sourcecode.swift; path = AppDelegate.swift; sourceTree = "<group>"; };
		846264D5224D9803009A21A2 /* Base */ = {isa = PBXFileReference; lastKnownFileType = file.storyboard; name = Base; path = Base.lproj/Main.storyboard; sourceTree = "<group>"; };
		846264D7224D9805009A21A2 /* Assets.xcassets */ = {isa = PBXFileReference; lastKnownFileType = folder.assetcatalog; path = Assets.xcassets; sourceTree = "<group>"; };
		846264DA224D9805009A21A2 /* Base */ = {isa = PBXFileReference; lastKnownFileType = file.storyboard; name = Base; path = Base.lproj/LaunchScreen.storyboard; sourceTree = "<group>"; };
		846264DC224D9805009A21A2 /* Info.plist */ = {isa = PBXFileReference; lastKnownFileType = text.plist.xml; path = Info.plist; sourceTree = "<group>"; };
		846264E9224D98A0009A21A2 /* FirebaseObject.swift */ = {isa = PBXFileReference; lastKnownFileType = sourcecode.swift; path = FirebaseObject.swift; sourceTree = "<group>"; };
		846264EB224D98AF009A21A2 /* NetworkController.swift */ = {isa = PBXFileReference; lastKnownFileType = sourcecode.swift; path = NetworkController.swift; sourceTree = "<group>"; };
		846264ED224D98C6009A21A2 /* ServiceResultTableViewCell.swift */ = {isa = PBXFileReference; lastKnownFileType = sourcecode.swift; path = ServiceResultTableViewCell.swift; sourceTree = "<group>"; };
		846264EF224D98F5009A21A2 /* LanguageSelectionViewController.swift */ = {isa = PBXFileReference; lastKnownFileType = sourcecode.swift; path = LanguageSelectionViewController.swift; sourceTree = "<group>"; };
		846264F1224D9910009A21A2 /* AppearanceHelper.swift */ = {isa = PBXFileReference; lastKnownFileType = sourcecode.swift; path = AppearanceHelper.swift; sourceTree = "<group>"; };
		847A7ECE22553CD000A62A5F /* ServiceResultsViewController.swift */ = {isa = PBXFileReference; fileEncoding = 4; lastKnownFileType = sourcecode.swift; path = ServiceResultsViewController.swift; sourceTree = "<group>"; };
		847A7ED022553CD600A62A5F /* ServiceDetailViewController.swift */ = {isa = PBXFileReference; fileEncoding = 4; lastKnownFileType = sourcecode.swift; path = ServiceDetailViewController.swift; sourceTree = "<group>"; };
		847A7ED62255754E00A62A5F /* SubcategoriesViewController.swift */ = {isa = PBXFileReference; lastKnownFileType = sourcecode.swift; path = SubcategoriesViewController.swift; sourceTree = "<group>"; };
		847A7ED822557B2800A62A5F /* OutreachServices.swift */ = {isa = PBXFileReference; fileEncoding = 4; lastKnownFileType = sourcecode.swift; path = OutreachServices.swift; sourceTree = "<group>"; };
		847A7EDC225663BA00A62A5F /* SubcategoryTableViewCell.swift */ = {isa = PBXFileReference; lastKnownFileType = sourcecode.swift; path = SubcategoryTableViewCell.swift; sourceTree = "<group>"; };
		84B3A4AD2260076D00F06DC4 /* GoogleMapsController.swift */ = {isa = PBXFileReference; fileEncoding = 4; lastKnownFileType = sourcecode.swift; name = GoogleMapsController.swift; path = "../View Controllers/GoogleMapsController.swift"; sourceTree = "<group>"; };
		84B3A4AF2260078300F06DC4 /* GoogleDistance.swift */ = {isa = PBXFileReference; fileEncoding = 4; lastKnownFileType = sourcecode.swift; name = GoogleDistance.swift; path = ../../../../../../../../../Downloads/GoogleDistance.swift; sourceTree = "<group>"; };
		84B3A4B122652E2400F06DC4 /* CacheController.swift */ = {isa = PBXFileReference; fileEncoding = 4; lastKnownFileType = sourcecode.swift; path = CacheController.swift; sourceTree = "<group>"; };
		84B3A4B32266747100F06DC4 /* DropShadow.swift */ = {isa = PBXFileReference; fileEncoding = 4; lastKnownFileType = sourcecode.swift; path = DropShadow.swift; sourceTree = "<group>"; };
		84B3A4B52266756700F06DC4 /* UIColors + Custom Colors.swift */ = {isa = PBXFileReference; lastKnownFileType = sourcecode.swift; path = "UIColors + Custom Colors.swift"; sourceTree = "<group>"; };
		84B3A4B822667C6A00F06DC4 /* SF-Pro-Display-UltralightItalic.otf */ = {isa = PBXFileReference; lastKnownFileType = file; path = "SF-Pro-Display-UltralightItalic.otf"; sourceTree = "<group>"; };
		84B3A4B922667C6A00F06DC4 /* SF-Pro-Display-Light.otf */ = {isa = PBXFileReference; lastKnownFileType = file; path = "SF-Pro-Display-Light.otf"; sourceTree = "<group>"; };
		84B3A4BA22667C6A00F06DC4 /* SF-Pro-Display-Regular.otf */ = {isa = PBXFileReference; lastKnownFileType = file; path = "SF-Pro-Display-Regular.otf"; sourceTree = "<group>"; };
		84B3A4BB22667C6B00F06DC4 /* SF-Pro-Display-MediumItalic.otf */ = {isa = PBXFileReference; lastKnownFileType = file; path = "SF-Pro-Display-MediumItalic.otf"; sourceTree = "<group>"; };
		84B3A4BC22667C6B00F06DC4 /* SF-Pro-Display-LightItalic.otf */ = {isa = PBXFileReference; lastKnownFileType = file; path = "SF-Pro-Display-LightItalic.otf"; sourceTree = "<group>"; };
		84B3A4BD22667C6B00F06DC4 /* SF-Pro-Display-SemiboldItalic.otf */ = {isa = PBXFileReference; lastKnownFileType = file; path = "SF-Pro-Display-SemiboldItalic.otf"; sourceTree = "<group>"; };
		84B3A4BE22667C6B00F06DC4 /* SF-Pro-Display-RegularItalic.otf */ = {isa = PBXFileReference; lastKnownFileType = file; path = "SF-Pro-Display-RegularItalic.otf"; sourceTree = "<group>"; };
		84B3A4BF22667C6B00F06DC4 /* SF-Pro-Display-BlackItalic.otf */ = {isa = PBXFileReference; lastKnownFileType = file; path = "SF-Pro-Display-BlackItalic.otf"; sourceTree = "<group>"; };
		84B3A4C022667C6B00F06DC4 /* SF-Pro-Display-BoldItalic.otf */ = {isa = PBXFileReference; lastKnownFileType = file; path = "SF-Pro-Display-BoldItalic.otf"; sourceTree = "<group>"; };
		84B3A4C122667C6C00F06DC4 /* SF-Pro-Display-Heavy.otf */ = {isa = PBXFileReference; lastKnownFileType = file; path = "SF-Pro-Display-Heavy.otf"; sourceTree = "<group>"; };
		84B3A4C222667C6C00F06DC4 /* SF-Pro-Display-Thin.otf */ = {isa = PBXFileReference; lastKnownFileType = file; path = "SF-Pro-Display-Thin.otf"; sourceTree = "<group>"; };
		84B3A4C322667C6C00F06DC4 /* SF-Pro-Display-Medium.otf */ = {isa = PBXFileReference; lastKnownFileType = file; path = "SF-Pro-Display-Medium.otf"; sourceTree = "<group>"; };
		84B3A4C422667C6C00F06DC4 /* SF-Pro-Display-Semibold.otf */ = {isa = PBXFileReference; lastKnownFileType = file; path = "SF-Pro-Display-Semibold.otf"; sourceTree = "<group>"; };
		84B3A4C522667C6C00F06DC4 /* SF-Pro-Display-ThinItalic.otf */ = {isa = PBXFileReference; lastKnownFileType = file; path = "SF-Pro-Display-ThinItalic.otf"; sourceTree = "<group>"; };
		84B3A4C622667C6C00F06DC4 /* SF-Pro-Display-Black.otf */ = {isa = PBXFileReference; lastKnownFileType = file; path = "SF-Pro-Display-Black.otf"; sourceTree = "<group>"; };
		84B3A4C722667C6C00F06DC4 /* SF-Pro-Display-HeavyItalic.otf */ = {isa = PBXFileReference; lastKnownFileType = file; path = "SF-Pro-Display-HeavyItalic.otf"; sourceTree = "<group>"; };
		84B3A4C822667C6D00F06DC4 /* SF-Pro-Display-Bold.otf */ = {isa = PBXFileReference; lastKnownFileType = file; path = "SF-Pro-Display-Bold.otf"; sourceTree = "<group>"; };
		84B3A4C922667C6D00F06DC4 /* SF-Pro-Display-Ultralight.otf */ = {isa = PBXFileReference; lastKnownFileType = file; path = "SF-Pro-Display-Ultralight.otf"; sourceTree = "<group>"; };
		84B3A4DC2267881F00F06DC4 /* Border.swift */ = {isa = PBXFileReference; fileEncoding = 4; lastKnownFileType = sourcecode.swift; path = Border.swift; sourceTree = "<group>"; };
		9A505BAE806FA181EB726B7F /* Pods-EmPact-iOS.debug.xcconfig */ = {isa = PBXFileReference; includeInIndex = 1; lastKnownFileType = text.xcconfig; name = "Pods-EmPact-iOS.debug.xcconfig"; path = "Target Support Files/Pods-EmPact-iOS/Pods-EmPact-iOS.debug.xcconfig"; sourceTree = "<group>"; };
/* End PBXFileReference section */

/* Begin PBXFrameworksBuildPhase section */
		846264CA224D9803009A21A2 /* Frameworks */ = {
			isa = PBXFrameworksBuildPhase;
			buildActionMask = 2147483647;
			files = (
				B4F63290CCDE36A593AFE058 /* Pods_EmPact_iOS.framework in Frameworks */,
			);
			runOnlyForDeploymentPostprocessing = 0;
		};
/* End PBXFrameworksBuildPhase section */

/* Begin PBXGroup section */
		11D79C82225D04720064EFB5 /* Hamburger Menu */ = {
			isa = PBXGroup;
			children = (
				11D79C7A225D04440064EFB5 /* DismissMenuAnimator.swift */,
				11D79C7D225D04630064EFB5 /* Interactor.swift */,
				11D79C7C225D04620064EFB5 /* MenuHelper.swift */,
				11D79C7B225D04620064EFB5 /* PresentMenuAnimator.swift */,
			);
			path = "Hamburger Menu";
			sourceTree = "<group>";
		};
		66F00C53E2BD9B17A4C9AF03 /* Frameworks */ = {
			isa = PBXGroup;
			children = (
				591969F987DD62DAB5709AAC /* Pods_EmPact_iOS.framework */,
			);
			name = Frameworks;
			sourceTree = "<group>";
		};
		846264C4224D9803009A21A2 = {
			isa = PBXGroup;
			children = (
				846264CF224D9803009A21A2 /* EmPact-iOS */,
				846264CE224D9803009A21A2 /* Products */,
				847A7ED5225573F200A62A5F /* Recovered References */,
				92F31404964A6E6D13565878 /* Pods */,
				66F00C53E2BD9B17A4C9AF03 /* Frameworks */,
			);
			sourceTree = "<group>";
		};
		846264CE224D9803009A21A2 /* Products */ = {
			isa = PBXGroup;
			children = (
				846264CD224D9803009A21A2 /* EmPact-iOS.app */,
			);
			name = Products;
			sourceTree = "<group>";
		};
		846264CF224D9803009A21A2 /* EmPact-iOS */ = {
			isa = PBXGroup;
			children = (
				846264E2224D981A009A21A2 /* Storyboards */,
				846264E8224D9866009A21A2 /* Model & Controller */,
				846264E7224D985E009A21A2 /* Controllers */,
				846264E6224D984F009A21A2 /* View Controllers */,
				846264E5224D9842009A21A2 /* Views */,
				846264E4224D9839009A21A2 /* Helpers */,
				846264E3224D982A009A21A2 /* Resources */,
			);
			path = "EmPact-iOS";
			sourceTree = "<group>";
		};
		846264E2224D981A009A21A2 /* Storyboards */ = {
			isa = PBXGroup;
			children = (
				846264D4224D9803009A21A2 /* Main.storyboard */,
				846264D9224D9805009A21A2 /* LaunchScreen.storyboard */,
			);
			path = Storyboards;
			sourceTree = "<group>";
		};
		846264E3224D982A009A21A2 /* Resources */ = {
			isa = PBXGroup;
			children = (
				84B3A4B722667C2D00F06DC4 /* Fonts */,
				846264D0224D9803009A21A2 /* AppDelegate.swift */,
				846264D7224D9805009A21A2 /* Assets.xcassets */,
				846264DC224D9805009A21A2 /* Info.plist */,
			);
			path = Resources;
			sourceTree = "<group>";
		};
		846264E4224D9839009A21A2 /* Helpers */ = {
			isa = PBXGroup;
			children = (
				11D79C82225D04720064EFB5 /* Hamburger Menu */,
				846264F1224D9910009A21A2 /* AppearanceHelper.swift */,
				84B3A4B52266756700F06DC4 /* UIColors + Custom Colors.swift */,
				11A098BC22541842006F8B9D /* IconImageHelper.swift */,
				84B3A4B32266747100F06DC4 /* DropShadow.swift */,
				11A098C022552031006F8B9D /* Subcategory.swift */,
				112A220D22566A910008E54B /* UserLocationViewController.swift */,
				84B3A4DC2267881F00F06DC4 /* Border.swift */,
			);
			path = Helpers;
			sourceTree = "<group>";
		};
		846264E5224D9842009A21A2 /* Views */ = {
			isa = PBXGroup;
			children = (
				11A09898224E9237006F8B9D /* CategoriesCollectionViewCell.swift */,
				847A7EDC225663BA00A62A5F /* SubcategoryTableViewCell.swift */,
				846264ED224D98C6009A21A2 /* ServiceResultTableViewCell.swift */,
			);
			path = Views;
			sourceTree = "<group>";
		};
		846264E6224D984F009A21A2 /* View Controllers */ = {
			isa = PBXGroup;
			children = (
				846264EF224D98F5009A21A2 /* LanguageSelectionViewController.swift */,
				11A09896224E91FB006F8B9D /* CategoriesViewController.swift */,
				847A7ED62255754E00A62A5F /* SubcategoriesViewController.swift */,
				847A7ECE22553CD000A62A5F /* ServiceResultsViewController.swift */,
				847A7ED022553CD600A62A5F /* ServiceDetailViewController.swift */,
			);
			path = "View Controllers";
			sourceTree = "<group>";
		};
		846264E7224D985E009A21A2 /* Controllers */ = {
			isa = PBXGroup;
			children = (
				846264EB224D98AF009A21A2 /* NetworkController.swift */,
				112A220F22569C550008E54B /* CategoryController.swift */,
				84B3A4AD2260076D00F06DC4 /* GoogleMapsController.swift */,
				84B3A4B122652E2400F06DC4 /* CacheController.swift */,
			);
			path = Controllers;
			sourceTree = "<group>";
		};
		846264E8224D9866009A21A2 /* Model & Controller */ = {
			isa = PBXGroup;
			children = (
				846264E9224D98A0009A21A2 /* FirebaseObject.swift */,
				11A098BA2253CBF8006F8B9D /* Categories.swift */,
				842DE2022252C4D100BBE2FB /* Education.swift */,
				842DE2042252CE2900BBE2FB /* LegalAdministrative.swift */,
				842DE2082252CF0100BBE2FB /* HealthCare.swift */,
				842DE2062252CEBF00BBE2FB /* Food.swift */,
				842DE20A2252CFC000BBE2FB /* Hygiene.swift */,
				842DE20E2252CFE900BBE2FB /* Shelters.swift */,
				11A098BE22551911006F8B9D /* Jobs.swift */,
				847A7ED822557B2800A62A5F /* OutreachServices.swift */,
				11D79C78225BD6840064EFB5 /* IndividualResource.swift */,
				84B3A4AF2260078300F06DC4 /* GoogleDistance.swift */,
			);
			path = "Model & Controller";
			sourceTree = "<group>";
		};
		847A7ED5225573F200A62A5F /* Recovered References */ = {
			isa = PBXGroup;
			children = (
			);
			name = "Recovered References";
			sourceTree = "<group>";
		};
		84B3A4B722667C2D00F06DC4 /* Fonts */ = {
			isa = PBXGroup;
			children = (
				84B3A4C622667C6C00F06DC4 /* SF-Pro-Display-Black.otf */,
				84B3A4BF22667C6B00F06DC4 /* SF-Pro-Display-BlackItalic.otf */,
				84B3A4C822667C6D00F06DC4 /* SF-Pro-Display-Bold.otf */,
				84B3A4C022667C6B00F06DC4 /* SF-Pro-Display-BoldItalic.otf */,
				84B3A4C122667C6C00F06DC4 /* SF-Pro-Display-Heavy.otf */,
				84B3A4C722667C6C00F06DC4 /* SF-Pro-Display-HeavyItalic.otf */,
				84B3A4B922667C6A00F06DC4 /* SF-Pro-Display-Light.otf */,
				84B3A4BC22667C6B00F06DC4 /* SF-Pro-Display-LightItalic.otf */,
				84B3A4C322667C6C00F06DC4 /* SF-Pro-Display-Medium.otf */,
				84B3A4BB22667C6B00F06DC4 /* SF-Pro-Display-MediumItalic.otf */,
				84B3A4BA22667C6A00F06DC4 /* SF-Pro-Display-Regular.otf */,
				84B3A4BE22667C6B00F06DC4 /* SF-Pro-Display-RegularItalic.otf */,
				84B3A4C422667C6C00F06DC4 /* SF-Pro-Display-Semibold.otf */,
				84B3A4BD22667C6B00F06DC4 /* SF-Pro-Display-SemiboldItalic.otf */,
				84B3A4C222667C6C00F06DC4 /* SF-Pro-Display-Thin.otf */,
				84B3A4C522667C6C00F06DC4 /* SF-Pro-Display-ThinItalic.otf */,
				84B3A4C922667C6D00F06DC4 /* SF-Pro-Display-Ultralight.otf */,
				84B3A4B822667C6A00F06DC4 /* SF-Pro-Display-UltralightItalic.otf */,
			);
			path = Fonts;
			sourceTree = "<group>";
		};
		92F31404964A6E6D13565878 /* Pods */ = {
			isa = PBXGroup;
			children = (
				9A505BAE806FA181EB726B7F /* Pods-EmPact-iOS.debug.xcconfig */,
				7EAC893F8D7D615995098A1B /* Pods-EmPact-iOS.release.xcconfig */,
			);
			path = Pods;
			sourceTree = "<group>";
		};
/* End PBXGroup section */

/* Begin PBXNativeTarget section */
		846264CC224D9803009A21A2 /* EmPact-iOS */ = {
			isa = PBXNativeTarget;
			buildConfigurationList = 846264DF224D9805009A21A2 /* Build configuration list for PBXNativeTarget "EmPact-iOS" */;
			buildPhases = (
				E5B446735D74313EBDDF6822 /* [CP] Check Pods Manifest.lock */,
				846264C9224D9803009A21A2 /* Sources */,
				846264CA224D9803009A21A2 /* Frameworks */,
				846264CB224D9803009A21A2 /* Resources */,
				4056520F9E191E75FA2D9277 /* [CP] Copy Pods Resources */,
			);
			buildRules = (
			);
			dependencies = (
			);
			name = "EmPact-iOS";
			productName = "EmPact-iOS";
			productReference = 846264CD224D9803009A21A2 /* EmPact-iOS.app */;
			productType = "com.apple.product-type.application";
		};
/* End PBXNativeTarget section */

/* Begin PBXProject section */
		846264C5224D9803009A21A2 /* Project object */ = {
			isa = PBXProject;
			attributes = {
				LastSwiftUpdateCheck = 1010;
				LastUpgradeCheck = 1010;
				ORGANIZATIONNAME = EmPact;
				TargetAttributes = {
					846264CC224D9803009A21A2 = {
						CreatedOnToolsVersion = 10.1;
					};
				};
			};
			buildConfigurationList = 846264C8224D9803009A21A2 /* Build configuration list for PBXProject "EmPact-iOS" */;
			compatibilityVersion = "Xcode 9.3";
			developmentRegion = en;
			hasScannedForEncodings = 0;
			knownRegions = (
				en,
				Base,
			);
			mainGroup = 846264C4224D9803009A21A2;
			productRefGroup = 846264CE224D9803009A21A2 /* Products */;
			projectDirPath = "";
			projectRoot = "";
			targets = (
				846264CC224D9803009A21A2 /* EmPact-iOS */,
			);
		};
/* End PBXProject section */

/* Begin PBXResourcesBuildPhase section */
		846264CB224D9803009A21A2 /* Resources */ = {
			isa = PBXResourcesBuildPhase;
			buildActionMask = 2147483647;
			files = (
				84B3A4DB22667CEE00F06DC4 /* SF-Pro-Display-UltralightItalic.otf in Resources */,
				84B3A4D222667CD500F06DC4 /* SF-Pro-Display-Medium.otf in Resources */,
				84B3A4CB22667CBC00F06DC4 /* SF-Pro-Display-BlackItalic.otf in Resources */,
				84B3A4D822667CE600F06DC4 /* SF-Pro-Display-Thin.otf in Resources */,
				846264DB224D9805009A21A2 /* LaunchScreen.storyboard in Resources */,
				84B3A4CD22667CC100F06DC4 /* SF-Pro-Display-BoldItalic.otf in Resources */,
				84B3A4D722667CE300F06DC4 /* SF-Pro-Display-SemiboldItalic.otf in Resources */,
				84B3A4CE22667CC400F06DC4 /* SF-Pro-Display-Heavy.otf in Resources */,
				84B3A4DA22667CEB00F06DC4 /* SF-Pro-Display-Ultralight.otf in Resources */,
				84B3A4CC22667CBE00F06DC4 /* SF-Pro-Display-Bold.otf in Resources */,
				84B3A4D322667CD800F06DC4 /* SF-Pro-Display-MediumItalic.otf in Resources */,
				846264D8224D9805009A21A2 /* Assets.xcassets in Resources */,
				84B3A4D622667CE000F06DC4 /* SF-Pro-Display-Semibold.otf in Resources */,
				84B3A4D522667CDD00F06DC4 /* SF-Pro-Display-RegularItalic.otf in Resources */,
				84B3A4D022667CCE00F06DC4 /* SF-Pro-Display-Light.otf in Resources */,
				846264D6224D9803009A21A2 /* Main.storyboard in Resources */,
				84B3A4D122667CD100F06DC4 /* SF-Pro-Display-LightItalic.otf in Resources */,
				84B3A4CF22667CC700F06DC4 /* SF-Pro-Display-HeavyItalic.otf in Resources */,
				84B3A4D422667CDB00F06DC4 /* SF-Pro-Display-Regular.otf in Resources */,
				84B3A4CA22667CB900F06DC4 /* SF-Pro-Display-Black.otf in Resources */,
				84B3A4D922667CE900F06DC4 /* SF-Pro-Display-ThinItalic.otf in Resources */,
			);
			runOnlyForDeploymentPostprocessing = 0;
		};
/* End PBXResourcesBuildPhase section */

/* Begin PBXShellScriptBuildPhase section */
		4056520F9E191E75FA2D9277 /* [CP] Copy Pods Resources */ = {
			isa = PBXShellScriptBuildPhase;
			buildActionMask = 2147483647;
			files = (
			);
			inputFileListPaths = (
			);
			inputPaths = (
				"${PODS_ROOT}/Target Support Files/Pods-EmPact-iOS/Pods-EmPact-iOS-resources.sh",
				"${PODS_ROOT}/GoogleMaps/Maps/Frameworks/GoogleMaps.framework/Resources/GoogleMaps.bundle",
			);
			name = "[CP] Copy Pods Resources";
			outputFileListPaths = (
			);
			outputPaths = (
				"${TARGET_BUILD_DIR}/${UNLOCALIZED_RESOURCES_FOLDER_PATH}/GoogleMaps.bundle",
			);
			runOnlyForDeploymentPostprocessing = 0;
			shellPath = /bin/sh;
			shellScript = "\"${PODS_ROOT}/Target Support Files/Pods-EmPact-iOS/Pods-EmPact-iOS-resources.sh\"\n";
			showEnvVarsInLog = 0;
		};
		E5B446735D74313EBDDF6822 /* [CP] Check Pods Manifest.lock */ = {
			isa = PBXShellScriptBuildPhase;
			buildActionMask = 2147483647;
			files = (
			);
			inputFileListPaths = (
			);
			inputPaths = (
				"${PODS_PODFILE_DIR_PATH}/Podfile.lock",
				"${PODS_ROOT}/Manifest.lock",
			);
			name = "[CP] Check Pods Manifest.lock";
			outputFileListPaths = (
			);
			outputPaths = (
				"$(DERIVED_FILE_DIR)/Pods-EmPact-iOS-checkManifestLockResult.txt",
			);
			runOnlyForDeploymentPostprocessing = 0;
			shellPath = /bin/sh;
			shellScript = "diff \"${PODS_PODFILE_DIR_PATH}/Podfile.lock\" \"${PODS_ROOT}/Manifest.lock\" > /dev/null\nif [ $? != 0 ] ; then\n    # print error to STDERR\n    echo \"error: The sandbox is not in sync with the Podfile.lock. Run 'pod install' or update your CocoaPods installation.\" >&2\n    exit 1\nfi\n# This output is used by Xcode 'outputs' to avoid re-running this script phase.\necho \"SUCCESS\" > \"${SCRIPT_OUTPUT_FILE_0}\"\n";
			showEnvVarsInLog = 0;
		};
/* End PBXShellScriptBuildPhase section */

/* Begin PBXSourcesBuildPhase section */
		846264C9224D9803009A21A2 /* Sources */ = {
			isa = PBXSourcesBuildPhase;
			buildActionMask = 2147483647;
			files = (
				842DE2072252CEBF00BBE2FB /* Food.swift in Sources */,
				11D79C7F225D04630064EFB5 /* PresentMenuAnimator.swift in Sources */,
				11A098BB2253CBF8006F8B9D /* Categories.swift in Sources */,
				846264EE224D98C6009A21A2 /* ServiceResultTableViewCell.swift in Sources */,
				11A098BF22551911006F8B9D /* Jobs.swift in Sources */,
				11A098C122552031006F8B9D /* Subcategory.swift in Sources */,
				847A7EDD225663BA00A62A5F /* SubcategoryTableViewCell.swift in Sources */,
				84B3A4AE2260076D00F06DC4 /* GoogleMapsController.swift in Sources */,
				11D79C7E225D04630064EFB5 /* DismissMenuAnimator.swift in Sources */,
				847A7ED922557B2900A62A5F /* OutreachServices.swift in Sources */,
				842DE20F2252CFEA00BBE2FB /* Shelters.swift in Sources */,
				846264D1224D9803009A21A2 /* AppDelegate.swift in Sources */,
				112A220E22566A910008E54B /* UserLocationViewController.swift in Sources */,
				11D79C81225D04630064EFB5 /* Interactor.swift in Sources */,
				11A09899224E9237006F8B9D /* CategoriesCollectionViewCell.swift in Sources */,
				84B3A4B42266747400F06DC4 /* DropShadow.swift in Sources */,
				84B3A4B02260078400F06DC4 /* GoogleDistance.swift in Sources */,
				84B3A4B62266756700F06DC4 /* UIColors + Custom Colors.swift in Sources */,
				846264EA224D98A0009A21A2 /* FirebaseObject.swift in Sources */,
				846264EC224D98AF009A21A2 /* NetworkController.swift in Sources */,
				842DE20B2252CFC000BBE2FB /* Hygiene.swift in Sources */,
				846264F0224D98F5009A21A2 /* LanguageSelectionViewController.swift in Sources */,
				11A098BD22541842006F8B9D /* IconImageHelper.swift in Sources */,
				11A09897224E91FB006F8B9D /* CategoriesViewController.swift in Sources */,
				84B3A4B222652E2A00F06DC4 /* CacheController.swift in Sources */,
				842DE2092252CF0100BBE2FB /* HealthCare.swift in Sources */,
				84B3A4DD2267882200F06DC4 /* Border.swift in Sources */,
				847A7ED72255754E00A62A5F /* SubcategoriesViewController.swift in Sources */,
				846264F2224D9910009A21A2 /* AppearanceHelper.swift in Sources */,
				11D79C79225BD6840064EFB5 /* IndividualResource.swift in Sources */,
				847A7ECF22553CD000A62A5F /* ServiceResultsViewController.swift in Sources */,
				842DE2032252C4D200BBE2FB /* Education.swift in Sources */,
				847A7ED122553CD700A62A5F /* ServiceDetailViewController.swift in Sources */,
				11D79C80225D04630064EFB5 /* MenuHelper.swift in Sources */,
				842DE2052252CE2900BBE2FB /* LegalAdministrative.swift in Sources */,
				112A221022569C550008E54B /* CategoryController.swift in Sources */,
			);
			runOnlyForDeploymentPostprocessing = 0;
		};
/* End PBXSourcesBuildPhase section */

/* Begin PBXVariantGroup section */
		846264D4224D9803009A21A2 /* Main.storyboard */ = {
			isa = PBXVariantGroup;
			children = (
				846264D5224D9803009A21A2 /* Base */,
			);
			name = Main.storyboard;
			sourceTree = "<group>";
		};
		846264D9224D9805009A21A2 /* LaunchScreen.storyboard */ = {
			isa = PBXVariantGroup;
			children = (
				846264DA224D9805009A21A2 /* Base */,
			);
			name = LaunchScreen.storyboard;
			sourceTree = "<group>";
		};
/* End PBXVariantGroup section */

/* Begin XCBuildConfiguration section */
		846264DD224D9805009A21A2 /* Debug */ = {
			isa = XCBuildConfiguration;
			buildSettings = {
				ALWAYS_SEARCH_USER_PATHS = NO;
				CLANG_ANALYZER_NONNULL = YES;
				CLANG_ANALYZER_NUMBER_OBJECT_CONVERSION = YES_AGGRESSIVE;
				CLANG_CXX_LANGUAGE_STANDARD = "gnu++14";
				CLANG_CXX_LIBRARY = "libc++";
				CLANG_ENABLE_MODULES = YES;
				CLANG_ENABLE_OBJC_ARC = YES;
				CLANG_ENABLE_OBJC_WEAK = YES;
				CLANG_WARN_BLOCK_CAPTURE_AUTORELEASING = YES;
				CLANG_WARN_BOOL_CONVERSION = YES;
				CLANG_WARN_COMMA = YES;
				CLANG_WARN_CONSTANT_CONVERSION = YES;
				CLANG_WARN_DEPRECATED_OBJC_IMPLEMENTATIONS = YES;
				CLANG_WARN_DIRECT_OBJC_ISA_USAGE = YES_ERROR;
				CLANG_WARN_DOCUMENTATION_COMMENTS = YES;
				CLANG_WARN_EMPTY_BODY = YES;
				CLANG_WARN_ENUM_CONVERSION = YES;
				CLANG_WARN_INFINITE_RECURSION = YES;
				CLANG_WARN_INT_CONVERSION = YES;
				CLANG_WARN_NON_LITERAL_NULL_CONVERSION = YES;
				CLANG_WARN_OBJC_IMPLICIT_RETAIN_SELF = YES;
				CLANG_WARN_OBJC_LITERAL_CONVERSION = YES;
				CLANG_WARN_OBJC_ROOT_CLASS = YES_ERROR;
				CLANG_WARN_RANGE_LOOP_ANALYSIS = YES;
				CLANG_WARN_STRICT_PROTOTYPES = YES;
				CLANG_WARN_SUSPICIOUS_MOVE = YES;
				CLANG_WARN_UNGUARDED_AVAILABILITY = YES_AGGRESSIVE;
				CLANG_WARN_UNREACHABLE_CODE = YES;
				CLANG_WARN__DUPLICATE_METHOD_MATCH = YES;
				CODE_SIGN_IDENTITY = "iPhone Developer";
				COPY_PHASE_STRIP = NO;
				DEBUG_INFORMATION_FORMAT = dwarf;
				ENABLE_STRICT_OBJC_MSGSEND = YES;
				ENABLE_TESTABILITY = YES;
				GCC_C_LANGUAGE_STANDARD = gnu11;
				GCC_DYNAMIC_NO_PIC = NO;
				GCC_NO_COMMON_BLOCKS = YES;
				GCC_OPTIMIZATION_LEVEL = 0;
				GCC_PREPROCESSOR_DEFINITIONS = (
					"DEBUG=1",
					"$(inherited)",
				);
				GCC_WARN_64_TO_32_BIT_CONVERSION = YES;
				GCC_WARN_ABOUT_RETURN_TYPE = YES_ERROR;
				GCC_WARN_UNDECLARED_SELECTOR = YES;
				GCC_WARN_UNINITIALIZED_AUTOS = YES_AGGRESSIVE;
				GCC_WARN_UNUSED_FUNCTION = YES;
				GCC_WARN_UNUSED_VARIABLE = YES;
				IPHONEOS_DEPLOYMENT_TARGET = 12.1;
				MTL_ENABLE_DEBUG_INFO = INCLUDE_SOURCE;
				MTL_FAST_MATH = YES;
				ONLY_ACTIVE_ARCH = YES;
				SDKROOT = iphoneos;
				SWIFT_ACTIVE_COMPILATION_CONDITIONS = DEBUG;
				SWIFT_OPTIMIZATION_LEVEL = "-Onone";
			};
			name = Debug;
		};
		846264DE224D9805009A21A2 /* Release */ = {
			isa = XCBuildConfiguration;
			buildSettings = {
				ALWAYS_SEARCH_USER_PATHS = NO;
				CLANG_ANALYZER_NONNULL = YES;
				CLANG_ANALYZER_NUMBER_OBJECT_CONVERSION = YES_AGGRESSIVE;
				CLANG_CXX_LANGUAGE_STANDARD = "gnu++14";
				CLANG_CXX_LIBRARY = "libc++";
				CLANG_ENABLE_MODULES = YES;
				CLANG_ENABLE_OBJC_ARC = YES;
				CLANG_ENABLE_OBJC_WEAK = YES;
				CLANG_WARN_BLOCK_CAPTURE_AUTORELEASING = YES;
				CLANG_WARN_BOOL_CONVERSION = YES;
				CLANG_WARN_COMMA = YES;
				CLANG_WARN_CONSTANT_CONVERSION = YES;
				CLANG_WARN_DEPRECATED_OBJC_IMPLEMENTATIONS = YES;
				CLANG_WARN_DIRECT_OBJC_ISA_USAGE = YES_ERROR;
				CLANG_WARN_DOCUMENTATION_COMMENTS = YES;
				CLANG_WARN_EMPTY_BODY = YES;
				CLANG_WARN_ENUM_CONVERSION = YES;
				CLANG_WARN_INFINITE_RECURSION = YES;
				CLANG_WARN_INT_CONVERSION = YES;
				CLANG_WARN_NON_LITERAL_NULL_CONVERSION = YES;
				CLANG_WARN_OBJC_IMPLICIT_RETAIN_SELF = YES;
				CLANG_WARN_OBJC_LITERAL_CONVERSION = YES;
				CLANG_WARN_OBJC_ROOT_CLASS = YES_ERROR;
				CLANG_WARN_RANGE_LOOP_ANALYSIS = YES;
				CLANG_WARN_STRICT_PROTOTYPES = YES;
				CLANG_WARN_SUSPICIOUS_MOVE = YES;
				CLANG_WARN_UNGUARDED_AVAILABILITY = YES_AGGRESSIVE;
				CLANG_WARN_UNREACHABLE_CODE = YES;
				CLANG_WARN__DUPLICATE_METHOD_MATCH = YES;
				CODE_SIGN_IDENTITY = "iPhone Developer";
				COPY_PHASE_STRIP = NO;
				DEBUG_INFORMATION_FORMAT = "dwarf-with-dsym";
				ENABLE_NS_ASSERTIONS = NO;
				ENABLE_STRICT_OBJC_MSGSEND = YES;
				GCC_C_LANGUAGE_STANDARD = gnu11;
				GCC_NO_COMMON_BLOCKS = YES;
				GCC_WARN_64_TO_32_BIT_CONVERSION = YES;
				GCC_WARN_ABOUT_RETURN_TYPE = YES_ERROR;
				GCC_WARN_UNDECLARED_SELECTOR = YES;
				GCC_WARN_UNINITIALIZED_AUTOS = YES_AGGRESSIVE;
				GCC_WARN_UNUSED_FUNCTION = YES;
				GCC_WARN_UNUSED_VARIABLE = YES;
				IPHONEOS_DEPLOYMENT_TARGET = 12.1;
				MTL_ENABLE_DEBUG_INFO = NO;
				MTL_FAST_MATH = YES;
				SDKROOT = iphoneos;
				SWIFT_COMPILATION_MODE = wholemodule;
				SWIFT_OPTIMIZATION_LEVEL = "-O";
				VALIDATE_PRODUCT = YES;
			};
			name = Release;
		};
		846264E0224D9805009A21A2 /* Debug */ = {
			isa = XCBuildConfiguration;
			baseConfigurationReference = 9A505BAE806FA181EB726B7F /* Pods-EmPact-iOS.debug.xcconfig */;
			buildSettings = {
				ASSETCATALOG_COMPILER_APPICON_NAME = AppIcon;
				CODE_SIGN_STYLE = Automatic;
				DEVELOPMENT_TEAM = VXUQXR6S56;
				INFOPLIST_FILE = "EmPact-iOS/Resources/Info.plist";
				LD_RUNPATH_SEARCH_PATHS = (
					"$(inherited)",
					"@executable_path/Frameworks",
				);
				PRODUCT_BUNDLE_IDENTIFIER = "com.lambda.EmPact-iOS";
				PRODUCT_NAME = "$(TARGET_NAME)";
				SWIFT_VERSION = 4.2;
				TARGETED_DEVICE_FAMILY = "1,2";
			};
			name = Debug;
		};
		846264E1224D9805009A21A2 /* Release */ = {
			isa = XCBuildConfiguration;
			baseConfigurationReference = 7EAC893F8D7D615995098A1B /* Pods-EmPact-iOS.release.xcconfig */;
			buildSettings = {
				ASSETCATALOG_COMPILER_APPICON_NAME = AppIcon;
				CODE_SIGN_STYLE = Automatic;
				DEVELOPMENT_TEAM = VXUQXR6S56;
				INFOPLIST_FILE = "EmPact-iOS/Resources/Info.plist";
				LD_RUNPATH_SEARCH_PATHS = (
					"$(inherited)",
					"@executable_path/Frameworks",
				);
				PRODUCT_BUNDLE_IDENTIFIER = "com.lambda.EmPact-iOS";
				PRODUCT_NAME = "$(TARGET_NAME)";
				SWIFT_VERSION = 4.2;
				TARGETED_DEVICE_FAMILY = "1,2";
			};
			name = Release;
		};
/* End XCBuildConfiguration section */

/* Begin XCConfigurationList section */
		846264C8224D9803009A21A2 /* Build configuration list for PBXProject "EmPact-iOS" */ = {
			isa = XCConfigurationList;
			buildConfigurations = (
				846264DD224D9805009A21A2 /* Debug */,
				846264DE224D9805009A21A2 /* Release */,
			);
			defaultConfigurationIsVisible = 0;
			defaultConfigurationName = Release;
		};
		846264DF224D9805009A21A2 /* Build configuration list for PBXNativeTarget "EmPact-iOS" */ = {
			isa = XCConfigurationList;
			buildConfigurations = (
				846264E0224D9805009A21A2 /* Debug */,
				846264E1224D9805009A21A2 /* Release */,
			);
			defaultConfigurationIsVisible = 0;
			defaultConfigurationName = Release;
		};
/* End XCConfigurationList section */
	};
	rootObject = 846264C5224D9803009A21A2 /* Project object */;
}
