// !$*UTF8*$!
{
	archiveVersion = 1;
	classes = {
	};
	objectVersion = 50;
	objects = {

/* Begin PBXBuildFile section */
		11A09874224D7B48006F8B9D /* AppDelegate.swift in Sources */ = {isa = PBXBuildFile; fileRef = 11A09873224D7B48006F8B9D /* AppDelegate.swift */; };
		11A09879224D7B48006F8B9D /* Main.storyboard in Resources */ = {isa = PBXBuildFile; fileRef = 11A09877224D7B48006F8B9D /* Main.storyboard */; };
		11A0987B224D7B4D006F8B9D /* Assets.xcassets in Resources */ = {isa = PBXBuildFile; fileRef = 11A0987A224D7B4D006F8B9D /* Assets.xcassets */; };
		11A0987E224D7B4D006F8B9D /* LaunchScreen.storyboard in Resources */ = {isa = PBXBuildFile; fileRef = 11A0987C224D7B4D006F8B9D /* LaunchScreen.storyboard */; };
		11A0988D224D7BF8006F8B9D /* Categories.swift in Sources */ = {isa = PBXBuildFile; fileRef = 11A0988C224D7BF8006F8B9D /* Categories.swift */; };
		11A0988F224D7C2B006F8B9D /* NetworkController.swift in Sources */ = {isa = PBXBuildFile; fileRef = 11A0988E224D7C2B006F8B9D /* NetworkController.swift */; };
		11A09891224D7C80006F8B9D /* LanguageSelectionViewController.swift in Sources */ = {isa = PBXBuildFile; fileRef = 11A09890224D7C80006F8B9D /* LanguageSelectionViewController.swift */; };
		11A09893224D7CA2006F8B9D /* ServiceResultTableViewCell.swift in Sources */ = {isa = PBXBuildFile; fileRef = 11A09892224D7CA2006F8B9D /* ServiceResultTableViewCell.swift */; };
		11A09895224D7CB7006F8B9D /* Appearance.swift in Sources */ = {isa = PBXBuildFile; fileRef = 11A09894224D7CB7006F8B9D /* Appearance.swift */; };
/* End PBXBuildFile section */

/* Begin PBXFileReference section */
		11A09870224D7B48006F8B9D /* EmPact-iOS.app */ = {isa = PBXFileReference; explicitFileType = wrapper.application; includeInIndex = 0; path = "EmPact-iOS.app"; sourceTree = BUILT_PRODUCTS_DIR; };
		11A09873224D7B48006F8B9D /* AppDelegate.swift */ = {isa = PBXFileReference; lastKnownFileType = sourcecode.swift; path = AppDelegate.swift; sourceTree = "<group>"; };
		11A09878224D7B48006F8B9D /* Base */ = {isa = PBXFileReference; lastKnownFileType = file.storyboard; name = Base; path = Base.lproj/Main.storyboard; sourceTree = "<group>"; };
		11A0987A224D7B4D006F8B9D /* Assets.xcassets */ = {isa = PBXFileReference; lastKnownFileType = folder.assetcatalog; path = Assets.xcassets; sourceTree = "<group>"; };
		11A0987D224D7B4D006F8B9D /* Base */ = {isa = PBXFileReference; lastKnownFileType = file.storyboard; name = Base; path = Base.lproj/LaunchScreen.storyboard; sourceTree = "<group>"; };
		11A0987F224D7B4D006F8B9D /* Info.plist */ = {isa = PBXFileReference; lastKnownFileType = text.plist.xml; path = Info.plist; sourceTree = "<group>"; };
		11A0988C224D7BF8006F8B9D /* Categories.swift */ = {isa = PBXFileReference; lastKnownFileType = sourcecode.swift; path = Categories.swift; sourceTree = "<group>"; };
		11A0988E224D7C2B006F8B9D /* NetworkController.swift */ = {isa = PBXFileReference; lastKnownFileType = sourcecode.swift; path = NetworkController.swift; sourceTree = "<group>"; };
		11A09890224D7C80006F8B9D /* LanguageSelectionViewController.swift */ = {isa = PBXFileReference; lastKnownFileType = sourcecode.swift; path = LanguageSelectionViewController.swift; sourceTree = "<group>"; };
		11A09892224D7CA2006F8B9D /* ServiceResultTableViewCell.swift */ = {isa = PBXFileReference; lastKnownFileType = sourcecode.swift; path = ServiceResultTableViewCell.swift; sourceTree = "<group>"; };
		11A09894224D7CB7006F8B9D /* Appearance.swift */ = {isa = PBXFileReference; lastKnownFileType = sourcecode.swift; path = Appearance.swift; sourceTree = "<group>"; };
/* End PBXFileReference section */

/* Begin PBXFrameworksBuildPhase section */
		11A0986D224D7B48006F8B9D /* Frameworks */ = {
			isa = PBXFrameworksBuildPhase;
			buildActionMask = 2147483647;
			files = (
			);
			runOnlyForDeploymentPostprocessing = 0;
		};
/* End PBXFrameworksBuildPhase section */

/* Begin PBXGroup section */
		11A09867224D7B48006F8B9D = {
			isa = PBXGroup;
			children = (
				11A09872224D7B48006F8B9D /* EmPact-iOS */,
				11A09871224D7B48006F8B9D /* Products */,
			);
			sourceTree = "<group>";
		};
		11A09871224D7B48006F8B9D /* Products */ = {
			isa = PBXGroup;
			children = (
				11A09870224D7B48006F8B9D /* EmPact-iOS.app */,
			);
			name = Products;
			sourceTree = "<group>";
		};
		11A09872224D7B48006F8B9D /* EmPact-iOS */ = {
			isa = PBXGroup;
			children = (
				11A09885224D7B66006F8B9D /* Storyboards */,
				11A09888224D7B9A006F8B9D /* Model & Controller */,
				11A09889224D7BA9006F8B9D /* Networking */,
				11A09887224D7B87006F8B9D /* View Controllers */,
				11A0988A224D7BC2006F8B9D /* Views */,
				11A0988B224D7BC9006F8B9D /* Helpers */,
				11A09886224D7B73006F8B9D /* Resources */,
			);
			path = "EmPact-iOS";
			sourceTree = "<group>";
		};
		11A09885224D7B66006F8B9D /* Storyboards */ = {
			isa = PBXGroup;
			children = (
				11A09877224D7B48006F8B9D /* Main.storyboard */,
				11A0987C224D7B4D006F8B9D /* LaunchScreen.storyboard */,
			);
			path = Storyboards;
			sourceTree = "<group>";
		};
		11A09886224D7B73006F8B9D /* Resources */ = {
			isa = PBXGroup;
			children = (
				11A09873224D7B48006F8B9D /* AppDelegate.swift */,
				11A0987A224D7B4D006F8B9D /* Assets.xcassets */,
				11A0987F224D7B4D006F8B9D /* Info.plist */,
			);
			path = Resources;
			sourceTree = "<group>";
		};
		11A09887224D7B87006F8B9D /* View Controllers */ = {
			isa = PBXGroup;
			children = (
				11A09890224D7C80006F8B9D /* LanguageSelectionViewController.swift */,
			);
			path = "View Controllers";
			sourceTree = "<group>";
		};
		11A09888224D7B9A006F8B9D /* Model & Controller */ = {
			isa = PBXGroup;
			children = (
				11A0988C224D7BF8006F8B9D /* Categories.swift */,
			);
			path = "Model & Controller";
			sourceTree = "<group>";
		};
		11A09889224D7BA9006F8B9D /* Networking */ = {
			isa = PBXGroup;
			children = (
				11A0988E224D7C2B006F8B9D /* NetworkController.swift */,
			);
			path = Networking;
			sourceTree = "<group>";
		};
		11A0988A224D7BC2006F8B9D /* Views */ = {
			isa = PBXGroup;
			children = (
				11A09892224D7CA2006F8B9D /* ServiceResultTableViewCell.swift */,
			);
			path = Views;
			sourceTree = "<group>";
		};
		11A0988B224D7BC9006F8B9D /* Helpers */ = {
			isa = PBXGroup;
			children = (
				11A09894224D7CB7006F8B9D /* Appearance.swift */,
			);
			path = Helpers;
			sourceTree = "<group>";
		};
/* End PBXGroup section */

/* Begin PBXNativeTarget section */
		11A0986F224D7B48006F8B9D /* EmPact-iOS */ = {
			isa = PBXNativeTarget;
			buildConfigurationList = 11A09882224D7B4D006F8B9D /* Build configuration list for PBXNativeTarget "EmPact-iOS" */;
			buildPhases = (
				11A0986C224D7B48006F8B9D /* Sources */,
				11A0986D224D7B48006F8B9D /* Frameworks */,
				11A0986E224D7B48006F8B9D /* Resources */,
			);
			buildRules = (
			);
			dependencies = (
			);
			name = "EmPact-iOS";
			productName = "EmPact-iOS";
			productReference = 11A09870224D7B48006F8B9D /* EmPact-iOS.app */;
			productType = "com.apple.product-type.application";
		};
/* End PBXNativeTarget section */

/* Begin PBXProject section */
		11A09868224D7B48006F8B9D /* Project object */ = {
			isa = PBXProject;
			attributes = {
				LastSwiftUpdateCheck = 1010;
				LastUpgradeCheck = 1010;
				ORGANIZATIONNAME = EmPact;
				TargetAttributes = {
					11A0986F224D7B48006F8B9D = {
						CreatedOnToolsVersion = 10.1;
					};
				};
			};
			buildConfigurationList = 11A0986B224D7B48006F8B9D /* Build configuration list for PBXProject "EmPact-iOS" */;
			compatibilityVersion = "Xcode 9.3";
			developmentRegion = en;
			hasScannedForEncodings = 0;
			knownRegions = (
				en,
				Base,
			);
			mainGroup = 11A09867224D7B48006F8B9D;
			productRefGroup = 11A09871224D7B48006F8B9D /* Products */;
			projectDirPath = "";
			projectRoot = "";
			targets = (
				11A0986F224D7B48006F8B9D /* EmPact-iOS */,
			);
		};
/* End PBXProject section */

/* Begin PBXResourcesBuildPhase section */
		11A0986E224D7B48006F8B9D /* Resources */ = {
			isa = PBXResourcesBuildPhase;
			buildActionMask = 2147483647;
			files = (
				11A0987E224D7B4D006F8B9D /* LaunchScreen.storyboard in Resources */,
				11A0987B224D7B4D006F8B9D /* Assets.xcassets in Resources */,
				11A09879224D7B48006F8B9D /* Main.storyboard in Resources */,
			);
			runOnlyForDeploymentPostprocessing = 0;
		};
/* End PBXResourcesBuildPhase section */

/* Begin PBXSourcesBuildPhase section */
		11A0986C224D7B48006F8B9D /* Sources */ = {
			isa = PBXSourcesBuildPhase;
			buildActionMask = 2147483647;
			files = (
				11A09874224D7B48006F8B9D /* AppDelegate.swift in Sources */,
				11A09895224D7CB7006F8B9D /* Appearance.swift in Sources */,
				11A09891224D7C80006F8B9D /* LanguageSelectionViewController.swift in Sources */,
				11A0988D224D7BF8006F8B9D /* Categories.swift in Sources */,
				11A09893224D7CA2006F8B9D /* ServiceResultTableViewCell.swift in Sources */,
				11A0988F224D7C2B006F8B9D /* NetworkController.swift in Sources */,
			);
			runOnlyForDeploymentPostprocessing = 0;
		};
/* End PBXSourcesBuildPhase section */

/* Begin PBXVariantGroup section */
		11A09877224D7B48006F8B9D /* Main.storyboard */ = {
			isa = PBXVariantGroup;
			children = (
				11A09878224D7B48006F8B9D /* Base */,
			);
			name = Main.storyboard;
			sourceTree = "<group>";
		};
		11A0987C224D7B4D006F8B9D /* LaunchScreen.storyboard */ = {
			isa = PBXVariantGroup;
			children = (
				11A0987D224D7B4D006F8B9D /* Base */,
			);
			name = LaunchScreen.storyboard;
			sourceTree = "<group>";
		};
/* End PBXVariantGroup section */

/* Begin XCBuildConfiguration section */
		11A09880224D7B4D006F8B9D /* Debug */ = {
			isa = XCBuildConfiguration;
			buildSettings = {
				ALWAYS_SEARCH_USER_PATHS = NO;
				CLANG_ANALYZER_NONNULL = YES;
				CLANG_ANALYZER_NUMBER_OBJECT_CONVERSION = YES_AGGRESSIVE;
				CLANG_CXX_LANGUAGE_STANDARD = "gnu++14";
				CLANG_CXX_LIBRARY = "libc++";
				CLANG_ENABLE_MODULES = YES;
				CLANG_ENABLE_OBJC_ARC = YES;
				CLANG_ENABLE_OBJC_WEAK = YES;
				CLANG_WARN_BLOCK_CAPTURE_AUTORELEASING = YES;
				CLANG_WARN_BOOL_CONVERSION = YES;
				CLANG_WARN_COMMA = YES;
				CLANG_WARN_CONSTANT_CONVERSION = YES;
				CLANG_WARN_DEPRECATED_OBJC_IMPLEMENTATIONS = YES;
				CLANG_WARN_DIRECT_OBJC_ISA_USAGE = YES_ERROR;
				CLANG_WARN_DOCUMENTATION_COMMENTS = YES;
				CLANG_WARN_EMPTY_BODY = YES;
				CLANG_WARN_ENUM_CONVERSION = YES;
				CLANG_WARN_INFINITE_RECURSION = YES;
				CLANG_WARN_INT_CONVERSION = YES;
				CLANG_WARN_NON_LITERAL_NULL_CONVERSION = YES;
				CLANG_WARN_OBJC_IMPLICIT_RETAIN_SELF = YES;
				CLANG_WARN_OBJC_LITERAL_CONVERSION = YES;
				CLANG_WARN_OBJC_ROOT_CLASS = YES_ERROR;
				CLANG_WARN_RANGE_LOOP_ANALYSIS = YES;
				CLANG_WARN_STRICT_PROTOTYPES = YES;
				CLANG_WARN_SUSPICIOUS_MOVE = YES;
				CLANG_WARN_UNGUARDED_AVAILABILITY = YES_AGGRESSIVE;
				CLANG_WARN_UNREACHABLE_CODE = YES;
				CLANG_WARN__DUPLICATE_METHOD_MATCH = YES;
				CODE_SIGN_IDENTITY = "iPhone Developer";
				COPY_PHASE_STRIP = NO;
				DEBUG_INFORMATION_FORMAT = dwarf;
				ENABLE_STRICT_OBJC_MSGSEND = YES;
				ENABLE_TESTABILITY = YES;
				GCC_C_LANGUAGE_STANDARD = gnu11;
				GCC_DYNAMIC_NO_PIC = NO;
				GCC_NO_COMMON_BLOCKS = YES;
				GCC_OPTIMIZATION_LEVEL = 0;
				GCC_PREPROCESSOR_DEFINITIONS = (
					"DEBUG=1",
					"$(inherited)",
				);
				GCC_WARN_64_TO_32_BIT_CONVERSION = YES;
				GCC_WARN_ABOUT_RETURN_TYPE = YES_ERROR;
				GCC_WARN_UNDECLARED_SELECTOR = YES;
				GCC_WARN_UNINITIALIZED_AUTOS = YES_AGGRESSIVE;
				GCC_WARN_UNUSED_FUNCTION = YES;
				GCC_WARN_UNUSED_VARIABLE = YES;
				IPHONEOS_DEPLOYMENT_TARGET = 12.1;
				MTL_ENABLE_DEBUG_INFO = INCLUDE_SOURCE;
				MTL_FAST_MATH = YES;
				ONLY_ACTIVE_ARCH = YES;
				SDKROOT = iphoneos;
				SWIFT_ACTIVE_COMPILATION_CONDITIONS = DEBUG;
				SWIFT_OPTIMIZATION_LEVEL = "-Onone";
			};
			name = Debug;
		};
		11A09881224D7B4D006F8B9D /* Release */ = {
			isa = XCBuildConfiguration;
			buildSettings = {
				ALWAYS_SEARCH_USER_PATHS = NO;
				CLANG_ANALYZER_NONNULL = YES;
				CLANG_ANALYZER_NUMBER_OBJECT_CONVERSION = YES_AGGRESSIVE;
				CLANG_CXX_LANGUAGE_STANDARD = "gnu++14";
				CLANG_CXX_LIBRARY = "libc++";
				CLANG_ENABLE_MODULES = YES;
				CLANG_ENABLE_OBJC_ARC = YES;
				CLANG_ENABLE_OBJC_WEAK = YES;
				CLANG_WARN_BLOCK_CAPTURE_AUTORELEASING = YES;
				CLANG_WARN_BOOL_CONVERSION = YES;
				CLANG_WARN_COMMA = YES;
				CLANG_WARN_CONSTANT_CONVERSION = YES;
				CLANG_WARN_DEPRECATED_OBJC_IMPLEMENTATIONS = YES;
				CLANG_WARN_DIRECT_OBJC_ISA_USAGE = YES_ERROR;
				CLANG_WARN_DOCUMENTATION_COMMENTS = YES;
				CLANG_WARN_EMPTY_BODY = YES;
				CLANG_WARN_ENUM_CONVERSION = YES;
				CLANG_WARN_INFINITE_RECURSION = YES;
				CLANG_WARN_INT_CONVERSION = YES;
				CLANG_WARN_NON_LITERAL_NULL_CONVERSION = YES;
				CLANG_WARN_OBJC_IMPLICIT_RETAIN_SELF = YES;
				CLANG_WARN_OBJC_LITERAL_CONVERSION = YES;
				CLANG_WARN_OBJC_ROOT_CLASS = YES_ERROR;
				CLANG_WARN_RANGE_LOOP_ANALYSIS = YES;
				CLANG_WARN_STRICT_PROTOTYPES = YES;
				CLANG_WARN_SUSPICIOUS_MOVE = YES;
				CLANG_WARN_UNGUARDED_AVAILABILITY = YES_AGGRESSIVE;
				CLANG_WARN_UNREACHABLE_CODE = YES;
				CLANG_WARN__DUPLICATE_METHOD_MATCH = YES;
				CODE_SIGN_IDENTITY = "iPhone Developer";
				COPY_PHASE_STRIP = NO;
				DEBUG_INFORMATION_FORMAT = "dwarf-with-dsym";
				ENABLE_NS_ASSERTIONS = NO;
				ENABLE_STRICT_OBJC_MSGSEND = YES;
				GCC_C_LANGUAGE_STANDARD = gnu11;
				GCC_NO_COMMON_BLOCKS = YES;
				GCC_WARN_64_TO_32_BIT_CONVERSION = YES;
				GCC_WARN_ABOUT_RETURN_TYPE = YES_ERROR;
				GCC_WARN_UNDECLARED_SELECTOR = YES;
				GCC_WARN_UNINITIALIZED_AUTOS = YES_AGGRESSIVE;
				GCC_WARN_UNUSED_FUNCTION = YES;
				GCC_WARN_UNUSED_VARIABLE = YES;
				IPHONEOS_DEPLOYMENT_TARGET = 12.1;
				MTL_ENABLE_DEBUG_INFO = NO;
				MTL_FAST_MATH = YES;
				SDKROOT = iphoneos;
				SWIFT_COMPILATION_MODE = wholemodule;
				SWIFT_OPTIMIZATION_LEVEL = "-O";
				VALIDATE_PRODUCT = YES;
			};
			name = Release;
		};
		11A09883224D7B4D006F8B9D /* Debug */ = {
			isa = XCBuildConfiguration;
			buildSettings = {
				ASSETCATALOG_COMPILER_APPICON_NAME = AppIcon;
				CODE_SIGN_STYLE = Automatic;
				DEVELOPMENT_TEAM = VXUQXR6S56;
				INFOPLIST_FILE = "$(SRCROOT)/EmPact-iOS/Resources/Info.plist";
				LD_RUNPATH_SEARCH_PATHS = (
					"$(inherited)",
					"@executable_path/Frameworks",
				);
				PRODUCT_BUNDLE_IDENTIFIER = "com.lambda.EmPact-iOS";
				PRODUCT_NAME = "$(TARGET_NAME)";
				SWIFT_VERSION = 4.2;
				TARGETED_DEVICE_FAMILY = "1,2";
			};
			name = Debug;
		};
		11A09884224D7B4D006F8B9D /* Release */ = {
			isa = XCBuildConfiguration;
			buildSettings = {
				ASSETCATALOG_COMPILER_APPICON_NAME = AppIcon;
				CODE_SIGN_STYLE = Automatic;
				DEVELOPMENT_TEAM = VXUQXR6S56;
				INFOPLIST_FILE = "$(SRCROOT)/EmPact-iOS/Resources/Info.plist";
				LD_RUNPATH_SEARCH_PATHS = (
					"$(inherited)",
					"@executable_path/Frameworks",
				);
				PRODUCT_BUNDLE_IDENTIFIER = "com.lambda.EmPact-iOS";
				PRODUCT_NAME = "$(TARGET_NAME)";
				SWIFT_VERSION = 4.2;
				TARGETED_DEVICE_FAMILY = "1,2";
			};
			name = Release;
		};
/* End XCBuildConfiguration section */

/* Begin XCConfigurationList section */
		11A0986B224D7B48006F8B9D /* Build configuration list for PBXProject "EmPact-iOS" */ = {
			isa = XCConfigurationList;
			buildConfigurations = (
				11A09880224D7B4D006F8B9D /* Debug */,
				11A09881224D7B4D006F8B9D /* Release */,
			);
			defaultConfigurationIsVisible = 0;
			defaultConfigurationName = Release;
		};
		11A09882224D7B4D006F8B9D /* Build configuration list for PBXNativeTarget "EmPact-iOS" */ = {
			isa = XCConfigurationList;
			buildConfigurations = (
				11A09883224D7B4D006F8B9D /* Debug */,
				11A09884224D7B4D006F8B9D /* Release */,
			);
			defaultConfigurationIsVisible = 0;
			defaultConfigurationName = Release;
		};
/* End XCConfigurationList section */
	};
	rootObject = 11A09868224D7B48006F8B9D /* Project object */;
}
